
Microsoft Visual Studio Solution File, Format Version 12.00
# Visual Studio Version 17
VisualStudioVersion = 17.9.34607.119
MinimumVisualStudioVersion = 10.0.40219.1
Project("{9A19103F-16F7-4668-BE54-9A1E7A4F7556}") = "carsdex", "carsdex\carsdex\carsdex.csproj", "{4A4DFC64-E09B-4DE0-8578-B3497576CD43}"
EndProject
Project("{9A19103F-16F7-4668-BE54-9A1E7A4F7556}") = "carsdex.Client", "carsdex\carsdex.Client\carsdex.Client.csproj", "{9C6F9FF8-8652-41A4-8461-2FBC18EC863E}"
EndProject
Global
	GlobalSection(SolutionConfigurationPlatforms) = preSolution
		Debug|Any CPU = Debug|Any CPU
		Release|Any CPU = Release|Any CPU
	EndGlobalSection
	GlobalSection(ProjectConfigurationPlatforms) = postSolution
		{4A4DFC64-E09B-4DE0-8578-B3497576CD43}.Debug|Any CPU.ActiveCfg = Debug|Any CPU
		{4A4DFC64-E09B-4DE0-8578-B3497576CD43}.Debug|Any CPU.Build.0 = Debug|Any CPU
		{4A4DFC64-E09B-4DE0-8578-B3497576CD43}.Release|Any CPU.ActiveCfg = Release|Any CPU
		{4A4DFC64-E09B-4DE0-8578-B3497576CD43}.Release|Any CPU.Build.0 = Release|Any CPU
		{9C6F9FF8-8652-41A4-8461-2FBC18EC863E}.Debug|Any CPU.ActiveCfg = Debug|Any CPU
		{9C6F9FF8-8652-41A4-8461-2FBC18EC863E}.Debug|Any CPU.Build.0 = Debug|Any CPU
		{9C6F9FF8-8652-41A4-8461-2FBC18EC863E}.Release|Any CPU.ActiveCfg = Release|Any CPU
		{9C6F9FF8-8652-41A4-8461-2FBC18EC863E}.Release|Any CPU.Build.0 = Release|Any CPU
	EndGlobalSection
	GlobalSection(SolutionProperties) = preSolution
		HideSolutionNode = FALSE
	EndGlobalSection
	GlobalSection(ExtensibilityGlobals) = postSolution
		SolutionGuid = {7CB01311-B473-4D2E-AFEF-923DFFAD97E7}
	EndGlobalSection
EndGlobal
